
Microsoft Visual Studio Solution File, Format Version 12.00
# Visual Studio Version 16
VisualStudioVersion = 16.0.30717.126
MinimumVisualStudioVersion = 10.0.40219.1
Project("{FAE04EC0-301F-11D3-BF4B-00C04F79EFBC}") = "WindowsFormsApp1", "WindowsFormsApp1\WindowsFormsApp1.csproj", "{2420AA06-4712-4225-BC1B-60BC11444F7C}"
EndProject
Global
	GlobalSection(SolutionConfigurationPlatforms) = preSolution
		Debug|Any CPU = Debug|Any CPU
		Release|Any CPU = Release|Any CPU
	EndGlobalSection
	GlobalSection(ProjectConfigurationPlatforms) = postSolution
		{2420AA06-4712-4225-BC1B-60BC11444F7C}.Debug|Any CPU.ActiveCfg = Debug|Any CPU
		{2420AA06-4712-4225-BC1B-60BC11444F7C}.Debug|Any CPU.Build.0 = Debug|Any CPU
		{2420AA06-4712-4225-BC1B-60BC11444F7C}.Release|Any CPU.ActiveCfg = Release|Any CPU
		{2420AA06-4712-4225-BC1B-60BC11444F7C}.Release|Any CPU.Build.0 = Release|Any CPU
	EndGlobalSection
	GlobalSection(SolutionProperties) = preSolution
		HideSolutionNode = FALSE
	EndGlobalSection
	GlobalSection(ExtensibilityGlobals) = postSolution
		SolutionGuid = {B612CFA7-6BEA-4D07-8647-B58DFFE520EC}
	EndGlobalSection
EndGlobal
